
Microsoft Visual Studio Solution File, Format Version 12.00
# Visual Studio Version 17
VisualStudioVersion = 17.11.35219.272
MinimumVisualStudioVersion = 10.0.40219.1
Project("{FAE04EC0-301F-11D3-BF4B-00C04F79EFBC}") = "namespace2", "namespace2\namespace2.csproj", "{D0D67F0F-949A-4025-8BC2-02EE722F0CE1}"
EndProject
Global
	GlobalSection(SolutionConfigurationPlatforms) = preSolution
		Debug|Any CPU = Debug|Any CPU
		Release|Any CPU = Release|Any CPU
	EndGlobalSection
	GlobalSection(ProjectConfigurationPlatforms) = postSolution
		{D0D67F0F-949A-4025-8BC2-02EE722F0CE1}.Debug|Any CPU.ActiveCfg = Debug|Any CPU
		{D0D67F0F-949A-4025-8BC2-02EE722F0CE1}.Debug|Any CPU.Build.0 = Debug|Any CPU
		{D0D67F0F-949A-4025-8BC2-02EE722F0CE1}.Release|Any CPU.ActiveCfg = Release|Any CPU
		{D0D67F0F-949A-4025-8BC2-02EE722F0CE1}.Release|Any CPU.Build.0 = Release|Any CPU
	EndGlobalSection
	GlobalSection(SolutionProperties) = preSolution
		HideSolutionNode = FALSE
	EndGlobalSection
	GlobalSection(ExtensibilityGlobals) = postSolution
		SolutionGuid = {8A6A7138-BCA7-4612-BF09-9AB4B7248E29}
	EndGlobalSection
EndGlobal
